
Microsoft Visual Studio Solution File, Format Version 12.00
# Visual Studio Version 17
VisualStudioVersion = 17.13.35825.156 d17.13
MinimumVisualStudioVersion = 10.0.40219.1
Project("{FAE04EC0-301F-11D3-BF4B-00C04F79EFBC}") = "KinectTool", "KinectTool\KinectTool.csproj", "{679E8348-FE21-491B-BE0F-2448DE5F279C}"
EndProject
Global
	GlobalSection(SolutionConfigurationPlatforms) = preSolution
		Debug|Any CPU = Debug|Any CPU
		Release|Any CPU = Release|Any CPU
	EndGlobalSection
	GlobalSection(ProjectConfigurationPlatforms) = postSolution
		{679E8348-FE21-491B-BE0F-2448DE5F279C}.Debug|Any CPU.ActiveCfg = Debug|Any CPU
		{679E8348-FE21-491B-BE0F-2448DE5F279C}.Debug|Any CPU.Build.0 = Debug|Any CPU
		{679E8348-FE21-491B-BE0F-2448DE5F279C}.Release|Any CPU.ActiveCfg = Release|Any CPU
		{679E8348-FE21-491B-BE0F-2448DE5F279C}.Release|Any CPU.Build.0 = Release|Any CPU
	EndGlobalSection
	GlobalSection(SolutionProperties) = preSolution
		HideSolutionNode = FALSE
	EndGlobalSection
	GlobalSection(ExtensibilityGlobals) = postSolution
		SolutionGuid = {391BD095-F959-4070-9C4E-518A7605588F}
	EndGlobalSection
EndGlobal
